// !$*UTF8*$!
{
	archiveVersion = 1;
	classes = {
	};
	objectVersion = 55;
	objects = {

/* Begin PBXBuildFile section */
		24AD1ABA28300A25005F1F38 /* InformationDetail.swift in Sources */ = {isa = PBXBuildFile; fileRef = 24AD1AB928300A25005F1F38 /* InformationDetail.swift */; };
		24F35628282DA97F000EF333 /* LoginClient.swift in Sources */ = {isa = PBXBuildFile; fileRef = 24F35627282DA97F000EF333 /* LoginClient.swift */; };
		24F3562A282DA9A6000EF333 /* ChatClient.swift in Sources */ = {isa = PBXBuildFile; fileRef = 24F35629282DA9A6000EF333 /* ChatClient.swift */; };
		24FF7B7F2826887B00244491 /* RapptrApp.swift in Sources */ = {isa = PBXBuildFile; fileRef = 24FF7B7E2826887B00244491 /* RapptrApp.swift */; };
		24FF7B812826887B00244491 /* ContentView.swift in Sources */ = {isa = PBXBuildFile; fileRef = 24FF7B802826887B00244491 /* ContentView.swift */; };
		24FF7B862826887C00244491 /* Preview Assets.xcassets in Resources */ = {isa = PBXBuildFile; fileRef = 24FF7B852826887C00244491 /* Preview Assets.xcassets */; };
		24FF7B8D282688BB00244491 /* Assets.xcassets in Resources */ = {isa = PBXBuildFile; fileRef = 24FF7B8C282688BB00244491 /* Assets.xcassets */; };
		24FF7B8F282688E400244491 /* LaunchScreen.storyboard in Resources */ = {isa = PBXBuildFile; fileRef = 24FF7B8E282688E400244491 /* LaunchScreen.storyboard */; };
		24FF7B9228268E8C00244491 /* ChatView.swift in Sources */ = {isa = PBXBuildFile; fileRef = 24FF7B9128268E8C00244491 /* ChatView.swift */; };
		24FF7B9428268EDC00244491 /* LoginView.swift in Sources */ = {isa = PBXBuildFile; fileRef = 24FF7B9328268EDC00244491 /* LoginView.swift */; };
		24FF7B9628268F0100244491 /* AnimationView.swift in Sources */ = {isa = PBXBuildFile; fileRef = 24FF7B9528268F0100244491 /* AnimationView.swift */; };
/* End PBXBuildFile section */

/* Begin PBXFileReference section */
		24AD1AB928300A25005F1F38 /* InformationDetail.swift */ = {isa = PBXFileReference; fileEncoding = 4; lastKnownFileType = sourcecode.swift; path = InformationDetail.swift; sourceTree = "<group>"; };
		24F35627282DA97F000EF333 /* LoginClient.swift */ = {isa = PBXFileReference; fileEncoding = 4; lastKnownFileType = sourcecode.swift; path = LoginClient.swift; sourceTree = "<group>"; };
		24F35629282DA9A6000EF333 /* ChatClient.swift */ = {isa = PBXFileReference; fileEncoding = 4; lastKnownFileType = sourcecode.swift; path = ChatClient.swift; sourceTree = "<group>"; };
		24FF7B7B2826887B00244491 /* Rapptr.app */ = {isa = PBXFileReference; explicitFileType = wrapper.application; includeInIndex = 0; path = Rapptr.app; sourceTree = BUILT_PRODUCTS_DIR; };
		24FF7B7E2826887B00244491 /* RapptrApp.swift */ = {isa = PBXFileReference; lastKnownFileType = sourcecode.swift; path = RapptrApp.swift; sourceTree = "<group>"; };
		24FF7B802826887B00244491 /* ContentView.swift */ = {isa = PBXFileReference; lastKnownFileType = sourcecode.swift; path = ContentView.swift; sourceTree = "<group>"; };
		24FF7B852826887C00244491 /* Preview Assets.xcassets */ = {isa = PBXFileReference; lastKnownFileType = folder.assetcatalog; path = "Preview Assets.xcassets"; sourceTree = "<group>"; };
		24FF7B8C282688BB00244491 /* Assets.xcassets */ = {isa = PBXFileReference; lastKnownFileType = folder.assetcatalog; path = Assets.xcassets; sourceTree = "<group>"; };
		24FF7B8E282688E400244491 /* LaunchScreen.storyboard */ = {isa = PBXFileReference; fileEncoding = 4; lastKnownFileType = file.storyboard; path = LaunchScreen.storyboard; sourceTree = "<group>"; };
		24FF7B9128268E8C00244491 /* ChatView.swift */ = {isa = PBXFileReference; lastKnownFileType = sourcecode.swift; path = ChatView.swift; sourceTree = "<group>"; };
		24FF7B9328268EDC00244491 /* LoginView.swift */ = {isa = PBXFileReference; lastKnownFileType = sourcecode.swift; path = LoginView.swift; sourceTree = "<group>"; };
		24FF7B9528268F0100244491 /* AnimationView.swift */ = {isa = PBXFileReference; lastKnownFileType = sourcecode.swift; path = AnimationView.swift; sourceTree = "<group>"; };
/* End PBXFileReference section */

/* Begin PBXFrameworksBuildPhase section */
		24FF7B782826887B00244491 /* Frameworks */ = {
			isa = PBXFrameworksBuildPhase;
			buildActionMask = 2147483647;
			files = (
			);
			runOnlyForDeploymentPostprocessing = 0;
		};
/* End PBXFrameworksBuildPhase section */

/* Begin PBXGroup section */
		24FF7B722826887B00244491 = {
			isa = PBXGroup;
			children = (
				24FF7B7D2826887B00244491 /* Rapptr */,
				24FF7B7C2826887B00244491 /* Products */,
			);
			sourceTree = "<group>";
		};
		24FF7B7C2826887B00244491 /* Products */ = {
			isa = PBXGroup;
			children = (
				24FF7B7B2826887B00244491 /* Rapptr.app */,
			);
			name = Products;
			sourceTree = "<group>";
		};
		24FF7B7D2826887B00244491 /* Rapptr */ = {
			isa = PBXGroup;
			children = (
				24FF7B7E2826887B00244491 /* RapptrApp.swift */,
				24FF7B802826887B00244491 /* ContentView.swift */,
				24FF7B9028268E4200244491 /* Views */,
				24FF7B8C282688BB00244491 /* Assets.xcassets */,
				24FF7B842826887C00244491 /* Preview Content */,
			);
			path = Rapptr;
			sourceTree = "<group>";
		};
		24FF7B842826887C00244491 /* Preview Content */ = {
			isa = PBXGroup;
			children = (
				24FF7B8E282688E400244491 /* LaunchScreen.storyboard */,
				24FF7B852826887C00244491 /* Preview Assets.xcassets */,
			);
			path = "Preview Content";
			sourceTree = "<group>";
		};
		24FF7B9028268E4200244491 /* Views */ = {
			isa = PBXGroup;
			children = (
				24AD1AB928300A25005F1F38 /* InformationDetail.swift */,
				24F35627282DA97F000EF333 /* LoginClient.swift */,
				24F35629282DA9A6000EF333 /* ChatClient.swift */,
				24FF7B9128268E8C00244491 /* ChatView.swift */,
				24FF7B9328268EDC00244491 /* LoginView.swift */,
				24FF7B9528268F0100244491 /* AnimationView.swift */,
			);
			path = Views;
			sourceTree = "<group>";
		};
/* End PBXGroup section */

/* Begin PBXNativeTarget section */
		24FF7B7A2826887B00244491 /* Rapptr */ = {
			isa = PBXNativeTarget;
			buildConfigurationList = 24FF7B892826887C00244491 /* Build configuration list for PBXNativeTarget "Rapptr" */;
			buildPhases = (
				24FF7B772826887B00244491 /* Sources */,
				24FF7B782826887B00244491 /* Frameworks */,
				24FF7B792826887B00244491 /* Resources */,
			);
			buildRules = (
			);
			dependencies = (
			);
			name = Rapptr;
			productName = Rapptr;
			productReference = 24FF7B7B2826887B00244491 /* Rapptr.app */;
			productType = "com.apple.product-type.application";
		};
/* End PBXNativeTarget section */

/* Begin PBXProject section */
		24FF7B732826887B00244491 /* Project object */ = {
			isa = PBXProject;
			attributes = {
				BuildIndependentTargetsInParallel = 1;
				LastSwiftUpdateCheck = 1330;
				LastUpgradeCheck = 1330;
				TargetAttributes = {
					24FF7B7A2826887B00244491 = {
						CreatedOnToolsVersion = 13.3.1;
					};
				};
			};
			buildConfigurationList = 24FF7B762826887B00244491 /* Build configuration list for PBXProject "Rapptr" */;
			compatibilityVersion = "Xcode 13.0";
			developmentRegion = en;
			hasScannedForEncodings = 0;
			knownRegions = (
				en,
				Base,
			);
			mainGroup = 24FF7B722826887B00244491;
			productRefGroup = 24FF7B7C2826887B00244491 /* Products */;
			projectDirPath = "";
			projectRoot = "";
			targets = (
				24FF7B7A2826887B00244491 /* Rapptr */,
			);
		};
/* End PBXProject section */

/* Begin PBXResourcesBuildPhase section */
		24FF7B792826887B00244491 /* Resources */ = {
			isa = PBXResourcesBuildPhase;
			buildActionMask = 2147483647;
			files = (
				24FF7B8F282688E400244491 /* LaunchScreen.storyboard in Resources */,
				24FF7B8D282688BB00244491 /* Assets.xcassets in Resources */,
				24FF7B862826887C00244491 /* Preview Assets.xcassets in Resources */,
			);
			runOnlyForDeploymentPostprocessing = 0;
		};
/* End PBXResourcesBuildPhase section */

/* Begin PBXSourcesBuildPhase section */
		24FF7B772826887B00244491 /* Sources */ = {
			isa = PBXSourcesBuildPhase;
			buildActionMask = 2147483647;
			files = (
				24FF7B812826887B00244491 /* ContentView.swift in Sources */,
				24FF7B9628268F0100244491 /* AnimationView.swift in Sources */,
				24F3562A282DA9A6000EF333 /* ChatClient.swift in Sources */,
				24FF7B9228268E8C00244491 /* ChatView.swift in Sources */,
				24F35628282DA97F000EF333 /* LoginClient.swift in Sources */,
				24FF7B9428268EDC00244491 /* LoginView.swift in Sources */,
				24AD1ABA28300A25005F1F38 /* InformationDetail.swift in Sources */,
				24FF7B7F2826887B00244491 /* RapptrApp.swift in Sources */,
			);
			runOnlyForDeploymentPostprocessing = 0;
		};
/* End PBXSourcesBuildPhase section */

/* Begin XCBuildConfiguration section */
		24FF7B872826887C00244491 /* Debug */ = {
			isa = XCBuildConfiguration;
			buildSettings = {
				ALWAYS_SEARCH_USER_PATHS = NO;
				CLANG_ANALYZER_NONNULL = YES;
				CLANG_ANALYZER_NUMBER_OBJECT_CONVERSION = YES_AGGRESSIVE;
				CLANG_CXX_LANGUAGE_STANDARD = "gnu++17";
				CLANG_ENABLE_MODULES = YES;
				CLANG_ENABLE_OBJC_ARC = YES;
				CLANG_ENABLE_OBJC_WEAK = YES;
				CLANG_WARN_BLOCK_CAPTURE_AUTORELEASING = YES;
				CLANG_WARN_BOOL_CONVERSION = YES;
				CLANG_WARN_COMMA = YES;
				CLANG_WARN_CONSTANT_CONVERSION = YES;
				CLANG_WARN_DEPRECATED_OBJC_IMPLEMENTATIONS = YES;
				CLANG_WARN_DIRECT_OBJC_ISA_USAGE = YES_ERROR;
				CLANG_WARN_DOCUMENTATION_COMMENTS = YES;
				CLANG_WARN_EMPTY_BODY = YES;
				CLANG_WARN_ENUM_CONVERSION = YES;
				CLANG_WARN_INFINITE_RECURSION = YES;
				CLANG_WARN_INT_CONVERSION = YES;
				CLANG_WARN_NON_LITERAL_NULL_CONVERSION = YES;
				CLANG_WARN_OBJC_IMPLICIT_RETAIN_SELF = YES;
				CLANG_WARN_OBJC_LITERAL_CONVERSION = YES;
				CLANG_WARN_OBJC_ROOT_CLASS = YES_ERROR;
				CLANG_WARN_QUOTED_INCLUDE_IN_FRAMEWORK_HEADER = YES;
				CLANG_WARN_RANGE_LOOP_ANALYSIS = YES;
				CLANG_WARN_STRICT_PROTOTYPES = YES;
				CLANG_WARN_SUSPICIOUS_MOVE = YES;
				CLANG_WARN_UNGUARDED_AVAILABILITY = YES_AGGRESSIVE;
				CLANG_WARN_UNREACHABLE_CODE = YES;
				CLANG_WARN__DUPLICATE_METHOD_MATCH = YES;
				COPY_PHASE_STRIP = NO;
				DEBUG_INFORMATION_FORMAT = dwarf;
				ENABLE_STRICT_OBJC_MSGSEND = YES;
				ENABLE_TESTABILITY = YES;
				GCC_C_LANGUAGE_STANDARD = gnu11;
				GCC_DYNAMIC_NO_PIC = NO;
				GCC_NO_COMMON_BLOCKS = YES;
				GCC_OPTIMIZATION_LEVEL = 0;
				GCC_PREPROCESSOR_DEFINITIONS = (
					"DEBUG=1",
					"$(inherited)",
				);
				GCC_WARN_64_TO_32_BIT_CONVERSION = YES;
				GCC_WARN_ABOUT_RETURN_TYPE = YES_ERROR;
				GCC_WARN_UNDECLARED_SELECTOR = YES;
				GCC_WARN_UNINITIALIZED_AUTOS = YES_AGGRESSIVE;
				GCC_WARN_UNUSED_FUNCTION = YES;
				GCC_WARN_UNUSED_VARIABLE = YES;
				IPHONEOS_DEPLOYMENT_TARGET = 15.4;
				MTL_ENABLE_DEBUG_INFO = INCLUDE_SOURCE;
				MTL_FAST_MATH = YES;
				ONLY_ACTIVE_ARCH = YES;
				SDKROOT = iphoneos;
				SWIFT_ACTIVE_COMPILATION_CONDITIONS = DEBUG;
				SWIFT_OPTIMIZATION_LEVEL = "-Onone";
			};
			name = Debug;
		};
		24FF7B882826887C00244491 /* Release */ = {
			isa = XCBuildConfiguration;
			buildSettings = {
				ALWAYS_SEARCH_USER_PATHS = NO;
				CLANG_ANALYZER_NONNULL = YES;
				CLANG_ANALYZER_NUMBER_OBJECT_CONVERSION = YES_AGGRESSIVE;
				CLANG_CXX_LANGUAGE_STANDARD = "gnu++17";
				CLANG_ENABLE_MODULES = YES;
				CLANG_ENABLE_OBJC_ARC = YES;
				CLANG_ENABLE_OBJC_WEAK = YES;
				CLANG_WARN_BLOCK_CAPTURE_AUTORELEASING = YES;
				CLANG_WARN_BOOL_CONVERSION = YES;
				CLANG_WARN_COMMA = YES;
				CLANG_WARN_CONSTANT_CONVERSION = YES;
				CLANG_WARN_DEPRECATED_OBJC_IMPLEMENTATIONS = YES;
				CLANG_WARN_DIRECT_OBJC_ISA_USAGE = YES_ERROR;
				CLANG_WARN_DOCUMENTATION_COMMENTS = YES;
				CLANG_WARN_EMPTY_BODY = YES;
				CLANG_WARN_ENUM_CONVERSION = YES;
				CLANG_WARN_INFINITE_RECURSION = YES;
				CLANG_WARN_INT_CONVERSION = YES;
				CLANG_WARN_NON_LITERAL_NULL_CONVERSION = YES;
				CLANG_WARN_OBJC_IMPLICIT_RETAIN_SELF = YES;
				CLANG_WARN_OBJC_LITERAL_CONVERSION = YES;
				CLANG_WARN_OBJC_ROOT_CLASS = YES_ERROR;
				CLANG_WARN_QUOTED_INCLUDE_IN_FRAMEWORK_HEADER = YES;
				CLANG_WARN_RANGE_LOOP_ANALYSIS = YES;
				CLANG_WARN_STRICT_PROTOTYPES = YES;
				CLANG_WARN_SUSPICIOUS_MOVE = YES;
				CLANG_WARN_UNGUARDED_AVAILABILITY = YES_AGGRESSIVE;
				CLANG_WARN_UNREACHABLE_CODE = YES;
				CLANG_WARN__DUPLICATE_METHOD_MATCH = YES;
				COPY_PHASE_STRIP = NO;
				DEBUG_INFORMATION_FORMAT = "dwarf-with-dsym";
				ENABLE_NS_ASSERTIONS = NO;
				ENABLE_STRICT_OBJC_MSGSEND = YES;
				GCC_C_LANGUAGE_STANDARD = gnu11;
				GCC_NO_COMMON_BLOCKS = YES;
				GCC_WARN_64_TO_32_BIT_CONVERSION = YES;
				GCC_WARN_ABOUT_RETURN_TYPE = YES_ERROR;
				GCC_WARN_UNDECLARED_SELECTOR = YES;
				GCC_WARN_UNINITIALIZED_AUTOS = YES_AGGRESSIVE;
				GCC_WARN_UNUSED_FUNCTION = YES;
				GCC_WARN_UNUSED_VARIABLE = YES;
				IPHONEOS_DEPLOYMENT_TARGET = 15.4;
				MTL_ENABLE_DEBUG_INFO = NO;
				MTL_FAST_MATH = YES;
				SDKROOT = iphoneos;
				SWIFT_COMPILATION_MODE = wholemodule;
				SWIFT_OPTIMIZATION_LEVEL = "-O";
				VALIDATE_PRODUCT = YES;
			};
			name = Release;
		};
		24FF7B8A2826887C00244491 /* Debug */ = {
			isa = XCBuildConfiguration;
			buildSettings = {
				ASSETCATALOG_COMPILER_APPICON_NAME = AppIcon;
				ASSETCATALOG_COMPILER_GLOBAL_ACCENT_COLOR_NAME = AccentColor;
				CODE_SIGN_STYLE = Automatic;
				CURRENT_PROJECT_VERSION = 1;
				DEVELOPMENT_ASSET_PATHS = "\"Rapptr/Preview Content\"";
				DEVELOPMENT_TEAM = SXH7Z8667S;
				ENABLE_PREVIEWS = YES;
				GENERATE_INFOPLIST_FILE = YES;
				INFOPLIST_KEY_UIApplicationSceneManifest_Generation = YES;
				INFOPLIST_KEY_UIApplicationSupportsIndirectInputEvents = YES;
				INFOPLIST_KEY_UILaunchScreen_Generation = YES;
				INFOPLIST_KEY_UILaunchStoryboardName = LaunchScreen;
				INFOPLIST_KEY_UISupportedInterfaceOrientations_iPad = "UIInterfaceOrientationPortrait UIInterfaceOrientationPortraitUpsideDown UIInterfaceOrientationLandscapeLeft UIInterfaceOrientationLandscapeRight";
				INFOPLIST_KEY_UISupportedInterfaceOrientations_iPhone = "UIInterfaceOrientationPortrait UIInterfaceOrientationLandscapeLeft UIInterfaceOrientationLandscapeRight";
				LD_RUNPATH_SEARCH_PATHS = (
					"$(inherited)",
					"@executable_path/Frameworks",
				);
				MARKETING_VERSION = 1.0;
				PRODUCT_BUNDLE_IDENTIFIER = com.KahoutekNix.Rapptr;
				PRODUCT_NAME = "$(TARGET_NAME)";
				SWIFT_EMIT_LOC_STRINGS = YES;
				SWIFT_VERSION = 5.0;
				TARGETED_DEVICE_FAMILY = "1,2";
			};
			name = Debug;
		};
		24FF7B8B2826887C00244491 /* Release */ = {
			isa = XCBuildConfiguration;
			buildSettings = {
				ASSETCATALOG_COMPILER_APPICON_NAME = AppIcon;
				ASSETCATALOG_COMPILER_GLOBAL_ACCENT_COLOR_NAME = AccentColor;
				CODE_SIGN_STYLE = Automatic;
				CURRENT_PROJECT_VERSION = 1;
				DEVELOPMENT_ASSET_PATHS = "\"Rapptr/Preview Content\"";
				DEVELOPMENT_TEAM = SXH7Z8667S;
				ENABLE_PREVIEWS = YES;
				GENERATE_INFOPLIST_FILE = YES;
				INFOPLIST_KEY_UIApplicationSceneManifest_Generation = YES;
				INFOPLIST_KEY_UIApplicationSupportsIndirectInputEvents = YES;
				INFOPLIST_KEY_UILaunchScreen_Generation = YES;
				INFOPLIST_KEY_UILaunchStoryboardName = LaunchScreen;
				INFOPLIST_KEY_UISupportedInterfaceOrientations_iPad = "UIInterfaceOrientationPortrait UIInterfaceOrientationPortraitUpsideDown UIInterfaceOrientationLandscapeLeft UIInterfaceOrientationLandscapeRight";
				INFOPLIST_KEY_UISupportedInterfaceOrientations_iPhone = "UIInterfaceOrientationPortrait UIInterfaceOrientationLandscapeLeft UIInterfaceOrientationLandscapeRight";
				LD_RUNPATH_SEARCH_PATHS = (
					"$(inherited)",
					"@executable_path/Frameworks",
				);
				MARKETING_VERSION = 1.0;
				PRODUCT_BUNDLE_IDENTIFIER = com.KahoutekNix.Rapptr;
				PRODUCT_NAME = "$(TARGET_NAME)";
				SWIFT_EMIT_LOC_STRINGS = YES;
				SWIFT_VERSION = 5.0;
				TARGETED_DEVICE_FAMILY = "1,2";
			};
			name = Release;
		};
/* End XCBuildConfiguration section */

/* Begin XCConfigurationList section */
		24FF7B762826887B00244491 /* Build configuration list for PBXProject "Rapptr" */ = {
			isa = XCConfigurationList;
			buildConfigurations = (
				24FF7B872826887C00244491 /* Debug */,
				24FF7B882826887C00244491 /* Release */,
			);
			defaultConfigurationIsVisible = 0;
			defaultConfigurationName = Release;
		};
		24FF7B892826887C00244491 /* Build configuration list for PBXNativeTarget "Rapptr" */ = {
			isa = XCConfigurationList;
			buildConfigurations = (
				24FF7B8A2826887C00244491 /* Debug */,
				24FF7B8B2826887C00244491 /* Release */,
			);
			defaultConfigurationIsVisible = 0;
			defaultConfigurationName = Release;
		};
/* End XCConfigurationList section */
	};
	rootObject = 24FF7B732826887B00244491 /* Project object */;
}
